// !$*UTF8*$!
{
	archiveVersion = 1;
	classes = {
	};
	objectVersion = 50;
	objects = {

/* Begin PBXBuildFile section */
		4CEDBD9A249902CB00813B30 /* AppDelegate.swift in Sources */ = {isa = PBXBuildFile; fileRef = 4CEDBD99249902CB00813B30 /* AppDelegate.swift */; };
		4CEDBD9C249902CB00813B30 /* SceneDelegate.swift in Sources */ = {isa = PBXBuildFile; fileRef = 4CEDBD9B249902CB00813B30 /* SceneDelegate.swift */; };
		4CEDBD9E249902CB00813B30 /* ContentView.swift in Sources */ = {isa = PBXBuildFile; fileRef = 4CEDBD9D249902CB00813B30 /* ContentView.swift */; };
		4CEDBDA0249902CF00813B30 /* Assets.xcassets in Resources */ = {isa = PBXBuildFile; fileRef = 4CEDBD9F249902CF00813B30 /* Assets.xcassets */; };
		4CEDBDA3249902CF00813B30 /* Preview Assets.xcassets in Resources */ = {isa = PBXBuildFile; fileRef = 4CEDBDA2249902CF00813B30 /* Preview Assets.xcassets */; };
		4CEDBDA6249902CF00813B30 /* LaunchScreen.storyboard in Resources */ = {isa = PBXBuildFile; fileRef = 4CEDBDA4249902CF00813B30 /* LaunchScreen.storyboard */; };
		4CEDBDAE2499031000813B30 /* CardView.swift in Sources */ = {isa = PBXBuildFile; fileRef = 4CEDBDAD2499031000813B30 /* CardView.swift */; };
		4CEDBDB324991FCF00813B30 /* MemoryGame.swift in Sources */ = {isa = PBXBuildFile; fileRef = 4CEDBDB224991FCF00813B30 /* MemoryGame.swift */; };
		4CEDBDB52499217400813B30 /* EmojiMemoryGame.swift in Sources */ = {isa = PBXBuildFile; fileRef = 4CEDBDB42499217400813B30 /* EmojiMemoryGame.swift */; };
/* End PBXBuildFile section */

/* Begin PBXFileReference section */
		4CEDBD96249902CB00813B30 /* Memory.app */ = {isa = PBXFileReference; explicitFileType = wrapper.application; includeInIndex = 0; path = Memory.app; sourceTree = BUILT_PRODUCTS_DIR; };
		4CEDBD99249902CB00813B30 /* AppDelegate.swift */ = {isa = PBXFileReference; lastKnownFileType = sourcecode.swift; path = AppDelegate.swift; sourceTree = "<group>"; };
		4CEDBD9B249902CB00813B30 /* SceneDelegate.swift */ = {isa = PBXFileReference; lastKnownFileType = sourcecode.swift; path = SceneDelegate.swift; sourceTree = "<group>"; };
		4CEDBD9D249902CB00813B30 /* ContentView.swift */ = {isa = PBXFileReference; lastKnownFileType = sourcecode.swift; path = ContentView.swift; sourceTree = "<group>"; };
		4CEDBD9F249902CF00813B30 /* Assets.xcassets */ = {isa = PBXFileReference; lastKnownFileType = folder.assetcatalog; path = Assets.xcassets; sourceTree = "<group>"; };
		4CEDBDA2249902CF00813B30 /* Preview Assets.xcassets */ = {isa = PBXFileReference; lastKnownFileType = folder.assetcatalog; path = "Preview Assets.xcassets"; sourceTree = "<group>"; };
		4CEDBDA5249902CF00813B30 /* Base */ = {isa = PBXFileReference; lastKnownFileType = file.storyboard; name = Base; path = Base.lproj/LaunchScreen.storyboard; sourceTree = "<group>"; };
		4CEDBDA7249902CF00813B30 /* Info.plist */ = {isa = PBXFileReference; lastKnownFileType = text.plist.xml; path = Info.plist; sourceTree = "<group>"; };
		4CEDBDAD2499031000813B30 /* CardView.swift */ = {isa = PBXFileReference; lastKnownFileType = sourcecode.swift; path = CardView.swift; sourceTree = "<group>"; };
		4CEDBDB224991FCF00813B30 /* MemoryGame.swift */ = {isa = PBXFileReference; lastKnownFileType = sourcecode.swift; path = MemoryGame.swift; sourceTree = "<group>"; };
		4CEDBDB42499217400813B30 /* EmojiMemoryGame.swift */ = {isa = PBXFileReference; lastKnownFileType = sourcecode.swift; path = EmojiMemoryGame.swift; sourceTree = "<group>"; };
/* End PBXFileReference section */

/* Begin PBXFrameworksBuildPhase section */
		4CEDBD93249902CB00813B30 /* Frameworks */ = {
			isa = PBXFrameworksBuildPhase;
			buildActionMask = 2147483647;
			files = (
			);
			runOnlyForDeploymentPostprocessing = 0;
		};
/* End PBXFrameworksBuildPhase section */

/* Begin PBXGroup section */
		4CEDBD8D249902CB00813B30 = {
			isa = PBXGroup;
			children = (
				4CEDBD98249902CB00813B30 /* Memory */,
				4CEDBD97249902CB00813B30 /* Products */,
			);
			sourceTree = "<group>";
		};
		4CEDBD97249902CB00813B30 /* Products */ = {
			isa = PBXGroup;
			children = (
				4CEDBD96249902CB00813B30 /* Memory.app */,
			);
			name = Products;
			sourceTree = "<group>";
		};
		4CEDBD98249902CB00813B30 /* Memory */ = {
			isa = PBXGroup;
			children = (
				4CEDBDAF24991EFA00813B30 /* Views */,
				4CEDBDB024991F0B00813B30 /* ViewModels */,
				4CEDBDB124991F1600813B30 /* Models */,
				4CEDBD99249902CB00813B30 /* AppDelegate.swift */,
				4CEDBD9B249902CB00813B30 /* SceneDelegate.swift */,
				4CEDBD9D249902CB00813B30 /* ContentView.swift */,
				4CEDBDAD2499031000813B30 /* CardView.swift */,
				4CEDBD9F249902CF00813B30 /* Assets.xcassets */,
				4CEDBDA4249902CF00813B30 /* LaunchScreen.storyboard */,
				4CEDBDA7249902CF00813B30 /* Info.plist */,
				4CEDBDA1249902CF00813B30 /* Preview Content */,
			);
			path = Memory;
			sourceTree = "<group>";
		};
		4CEDBDA1249902CF00813B30 /* Preview Content */ = {
			isa = PBXGroup;
			children = (
				4CEDBDA2249902CF00813B30 /* Preview Assets.xcassets */,
			);
			path = "Preview Content";
			sourceTree = "<group>";
		};
		4CEDBDAF24991EFA00813B30 /* Views */ = {
			isa = PBXGroup;
			children = (
			);
			path = Views;
			sourceTree = "<group>";
		};
		4CEDBDB024991F0B00813B30 /* ViewModels */ = {
			isa = PBXGroup;
			children = (
				4CEDBDB42499217400813B30 /* EmojiMemoryGame.swift */,
			);
			path = ViewModels;
			sourceTree = "<group>";
		};
		4CEDBDB124991F1600813B30 /* Models */ = {
			isa = PBXGroup;
			children = (
				4CEDBDB224991FCF00813B30 /* MemoryGame.swift */,
			);
			path = Models;
			sourceTree = "<group>";
		};
/* End PBXGroup section */

/* Begin PBXNativeTarget section */
		4CEDBD95249902CB00813B30 /* Memory */ = {
			isa = PBXNativeTarget;
			buildConfigurationList = 4CEDBDAA249902CF00813B30 /* Build configuration list for PBXNativeTarget "Memory" */;
			buildPhases = (
				4CEDBD92249902CB00813B30 /* Sources */,
				4CEDBD93249902CB00813B30 /* Frameworks */,
				4CEDBD94249902CB00813B30 /* Resources */,
			);
			buildRules = (
			);
			dependencies = (
			);
			name = Memory;
			productName = Memory;
			productReference = 4CEDBD96249902CB00813B30 /* Memory.app */;
			productType = "com.apple.product-type.application";
		};
/* End PBXNativeTarget section */

/* Begin PBXProject section */
		4CEDBD8E249902CB00813B30 /* Project object */ = {
			isa = PBXProject;
			attributes = {
				LastSwiftUpdateCheck = 1150;
				LastUpgradeCheck = 1150;
				ORGANIZATIONNAME = "Michael Brünen";
				TargetAttributes = {
					4CEDBD95249902CB00813B30 = {
						CreatedOnToolsVersion = 11.5;
					};
				};
			};
			buildConfigurationList = 4CEDBD91249902CB00813B30 /* Build configuration list for PBXProject "Memory" */;
			compatibilityVersion = "Xcode 9.3";
			developmentRegion = en;
			hasScannedForEncodings = 0;
			knownRegions = (
				en,
				Base,
			);
			mainGroup = 4CEDBD8D249902CB00813B30;
			productRefGroup = 4CEDBD97249902CB00813B30 /* Products */;
			projectDirPath = "";
			projectRoot = "";
			targets = (
				4CEDBD95249902CB00813B30 /* Memory */,
			);
		};
/* End PBXProject section */

/* Begin PBXResourcesBuildPhase section */
		4CEDBD94249902CB00813B30 /* Resources */ = {
			isa = PBXResourcesBuildPhase;
			buildActionMask = 2147483647;
			files = (
				4CEDBDA6249902CF00813B30 /* LaunchScreen.storyboard in Resources */,
				4CEDBDA3249902CF00813B30 /* Preview Assets.xcassets in Resources */,
				4CEDBDA0249902CF00813B30 /* Assets.xcassets in Resources */,
			);
			runOnlyForDeploymentPostprocessing = 0;
		};
/* End PBXResourcesBuildPhase section */

/* Begin PBXSourcesBuildPhase section */
		4CEDBD92249902CB00813B30 /* Sources */ = {
			isa = PBXSourcesBuildPhase;
			buildActionMask = 2147483647;
			files = (
				4CEDBD9A249902CB00813B30 /* AppDelegate.swift in Sources */,
				4CEDBD9C249902CB00813B30 /* SceneDelegate.swift in Sources */,
				4CEDBDB324991FCF00813B30 /* MemoryGame.swift in Sources */,
				4CEDBDAE2499031000813B30 /* CardView.swift in Sources */,
				4CEDBD9E249902CB00813B30 /* ContentView.swift in Sources */,
				4CEDBDB52499217400813B30 /* EmojiMemoryGame.swift in Sources */,
			);
			runOnlyForDeploymentPostprocessing = 0;
		};
/* End PBXSourcesBuildPhase section */

/* Begin PBXVariantGroup section */
		4CEDBDA4249902CF00813B30 /* LaunchScreen.storyboard */ = {
			isa = PBXVariantGroup;
			children = (
				4CEDBDA5249902CF00813B30 /* Base */,
			);
			name = LaunchScreen.storyboard;
			sourceTree = "<group>";
		};
/* End PBXVariantGroup section */

/* Begin XCBuildConfiguration section */
		4CEDBDA8249902CF00813B30 /* Debug */ = {
			isa = XCBuildConfiguration;
			buildSettings = {
				ALWAYS_SEARCH_USER_PATHS = NO;
				CLANG_ANALYZER_NONNULL = YES;
				CLANG_ANALYZER_NUMBER_OBJECT_CONVERSION = YES_AGGRESSIVE;
				CLANG_CXX_LANGUAGE_STANDARD = "gnu++14";
				CLANG_CXX_LIBRARY = "libc++";
				CLANG_ENABLE_MODULES = YES;
				CLANG_ENABLE_OBJC_ARC = YES;
				CLANG_ENABLE_OBJC_WEAK = YES;
				CLANG_WARN_BLOCK_CAPTURE_AUTORELEASING = YES;
				CLANG_WARN_BOOL_CONVERSION = YES;
				CLANG_WARN_COMMA = YES;
				CLANG_WARN_CONSTANT_CONVERSION = YES;
				CLANG_WARN_DEPRECATED_OBJC_IMPLEMENTATIONS = YES;
				CLANG_WARN_DIRECT_OBJC_ISA_USAGE = YES_ERROR;
				CLANG_WARN_DOCUMENTATION_COMMENTS = YES;
				CLANG_WARN_EMPTY_BODY = YES;
				CLANG_WARN_ENUM_CONVERSION = YES;
				CLANG_WARN_INFINITE_RECURSION = YES;
				CLANG_WARN_INT_CONVERSION = YES;
				CLANG_WARN_NON_LITERAL_NULL_CONVERSION = YES;
				CLANG_WARN_OBJC_IMPLICIT_RETAIN_SELF = YES;
				CLANG_WARN_OBJC_LITERAL_CONVERSION = YES;
				CLANG_WARN_OBJC_ROOT_CLASS = YES_ERROR;
				CLANG_WARN_RANGE_LOOP_ANALYSIS = YES;
				CLANG_WARN_STRICT_PROTOTYPES = YES;
				CLANG_WARN_SUSPICIOUS_MOVE = YES;
				CLANG_WARN_UNGUARDED_AVAILABILITY = YES_AGGRESSIVE;
				CLANG_WARN_UNREACHABLE_CODE = YES;
				CLANG_WARN__DUPLICATE_METHOD_MATCH = YES;
				COPY_PHASE_STRIP = NO;
				DEBUG_INFORMATION_FORMAT = dwarf;
				ENABLE_STRICT_OBJC_MSGSEND = YES;
				ENABLE_TESTABILITY = YES;
				GCC_C_LANGUAGE_STANDARD = gnu11;
				GCC_DYNAMIC_NO_PIC = NO;
				GCC_NO_COMMON_BLOCKS = YES;
				GCC_OPTIMIZATION_LEVEL = 0;
				GCC_PREPROCESSOR_DEFINITIONS = (
					"DEBUG=1",
					"$(inherited)",
				);
				GCC_WARN_64_TO_32_BIT_CONVERSION = YES;
				GCC_WARN_ABOUT_RETURN_TYPE = YES_ERROR;
				GCC_WARN_UNDECLARED_SELECTOR = YES;
				GCC_WARN_UNINITIALIZED_AUTOS = YES_AGGRESSIVE;
				GCC_WARN_UNUSED_FUNCTION = YES;
				GCC_WARN_UNUSED_VARIABLE = YES;
				IPHONEOS_DEPLOYMENT_TARGET = 13.5;
				MTL_ENABLE_DEBUG_INFO = INCLUDE_SOURCE;
				MTL_FAST_MATH = YES;
				ONLY_ACTIVE_ARCH = YES;
				SDKROOT = iphoneos;
				SWIFT_ACTIVE_COMPILATION_CONDITIONS = DEBUG;
				SWIFT_OPTIMIZATION_LEVEL = "-Onone";
			};
			name = Debug;
		};
		4CEDBDA9249902CF00813B30 /* Release */ = {
			isa = XCBuildConfiguration;
			buildSettings = {
				ALWAYS_SEARCH_USER_PATHS = NO;
				CLANG_ANALYZER_NONNULL = YES;
				CLANG_ANALYZER_NUMBER_OBJECT_CONVERSION = YES_AGGRESSIVE;
				CLANG_CXX_LANGUAGE_STANDARD = "gnu++14";
				CLANG_CXX_LIBRARY = "libc++";
				CLANG_ENABLE_MODULES = YES;
				CLANG_ENABLE_OBJC_ARC = YES;
				CLANG_ENABLE_OBJC_WEAK = YES;
				CLANG_WARN_BLOCK_CAPTURE_AUTORELEASING = YES;
				CLANG_WARN_BOOL_CONVERSION = YES;
				CLANG_WARN_COMMA = YES;
				CLANG_WARN_CONSTANT_CONVERSION = YES;
				CLANG_WARN_DEPRECATED_OBJC_IMPLEMENTATIONS = YES;
				CLANG_WARN_DIRECT_OBJC_ISA_USAGE = YES_ERROR;
				CLANG_WARN_DOCUMENTATION_COMMENTS = YES;
				CLANG_WARN_EMPTY_BODY = YES;
				CLANG_WARN_ENUM_CONVERSION = YES;
				CLANG_WARN_INFINITE_RECURSION = YES;
				CLANG_WARN_INT_CONVERSION = YES;
				CLANG_WARN_NON_LITERAL_NULL_CONVERSION = YES;
				CLANG_WARN_OBJC_IMPLICIT_RETAIN_SELF = YES;
				CLANG_WARN_OBJC_LITERAL_CONVERSION = YES;
				CLANG_WARN_OBJC_ROOT_CLASS = YES_ERROR;
				CLANG_WARN_RANGE_LOOP_ANALYSIS = YES;
				CLANG_WARN_STRICT_PROTOTYPES = YES;
				CLANG_WARN_SUSPICIOUS_MOVE = YES;
				CLANG_WARN_UNGUARDED_AVAILABILITY = YES_AGGRESSIVE;
				CLANG_WARN_UNREACHABLE_CODE = YES;
				CLANG_WARN__DUPLICATE_METHOD_MATCH = YES;
				COPY_PHASE_STRIP = NO;
				DEBUG_INFORMATION_FORMAT = "dwarf-with-dsym";
				ENABLE_NS_ASSERTIONS = NO;
				ENABLE_STRICT_OBJC_MSGSEND = YES;
				GCC_C_LANGUAGE_STANDARD = gnu11;
				GCC_NO_COMMON_BLOCKS = YES;
				GCC_WARN_64_TO_32_BIT_CONVERSION = YES;
				GCC_WARN_ABOUT_RETURN_TYPE = YES_ERROR;
				GCC_WARN_UNDECLARED_SELECTOR = YES;
				GCC_WARN_UNINITIALIZED_AUTOS = YES_AGGRESSIVE;
				GCC_WARN_UNUSED_FUNCTION = YES;
				GCC_WARN_UNUSED_VARIABLE = YES;
				IPHONEOS_DEPLOYMENT_TARGET = 13.5;
				MTL_ENABLE_DEBUG_INFO = NO;
				MTL_FAST_MATH = YES;
				SDKROOT = iphoneos;
				SWIFT_COMPILATION_MODE = wholemodule;
				SWIFT_OPTIMIZATION_LEVEL = "-O";
				VALIDATE_PRODUCT = YES;
			};
			name = Release;
		};
		4CEDBDAB249902CF00813B30 /* Debug */ = {
			isa = XCBuildConfiguration;
			buildSettings = {
				ASSETCATALOG_COMPILER_APPICON_NAME = AppIcon;
				CODE_SIGN_STYLE = Automatic;
				DEVELOPMENT_ASSET_PATHS = "\"Memory/Preview Content\"";
				DEVELOPMENT_TEAM = K5ZJLTFVCL;
				ENABLE_PREVIEWS = YES;
				INFOPLIST_FILE = Memory/Info.plist;
				LD_RUNPATH_SEARCH_PATHS = (
					"$(inherited)",
					"@executable_path/Frameworks",
				);
				PRODUCT_BUNDLE_IDENTIFIER = oddmagnet.com.Memory;
				PRODUCT_NAME = "$(TARGET_NAME)";
				SWIFT_VERSION = 5.0;
				TARGETED_DEVICE_FAMILY = "1,2";
			};
			name = Debug;
		};
		4CEDBDAC249902CF00813B30 /* Release */ = {
			isa = XCBuildConfiguration;
			buildSettings = {
				ASSETCATALOG_COMPILER_APPICON_NAME = AppIcon;
				CODE_SIGN_STYLE = Automatic;
				DEVELOPMENT_ASSET_PATHS = "\"Memory/Preview Content\"";
				DEVELOPMENT_TEAM = K5ZJLTFVCL;
				ENABLE_PREVIEWS = YES;
				INFOPLIST_FILE = Memory/Info.plist;
				LD_RUNPATH_SEARCH_PATHS = (
					"$(inherited)",
					"@executable_path/Frameworks",
				);
				PRODUCT_BUNDLE_IDENTIFIER = oddmagnet.com.Memory;
				PRODUCT_NAME = "$(TARGET_NAME)";
				SWIFT_VERSION = 5.0;
				TARGETED_DEVICE_FAMILY = "1,2";
			};
			name = Release;
		};
/* End XCBuildConfiguration section */

/* Begin XCConfigurationList section */
		4CEDBD91249902CB00813B30 /* Build configuration list for PBXProject "Memory" */ = {
			isa = XCConfigurationList;
			buildConfigurations = (
				4CEDBDA8249902CF00813B30 /* Debug */,
				4CEDBDA9249902CF00813B30 /* Release */,
			);
			defaultConfigurationIsVisible = 0;
			defaultConfigurationName = Release;
		};
		4CEDBDAA249902CF00813B30 /* Build configuration list for PBXNativeTarget "Memory" */ = {
			isa = XCConfigurationList;
			buildConfigurations = (
				4CEDBDAB249902CF00813B30 /* Debug */,
				4CEDBDAC249902CF00813B30 /* Release */,
			);
			defaultConfigurationIsVisible = 0;
			defaultConfigurationName = Release;
		};
/* End XCConfigurationList section */
	};
	rootObject = 4CEDBD8E249902CB00813B30 /* Project object */;
}
